
Microsoft Visual Studio Solution File, Format Version 12.00
# Visual Studio Version 16
VisualStudioVersion = 16.0.32413.511
MinimumVisualStudioVersion = 10.0.40219.1
Project("{2150E333-8FDC-42A3-9474-1A3956D46DE8}") = "src", "src", "{67C2916B-848B-41DD-AAD5-20BA9FE7CAFD}"
EndProject
Project("{FAE04EC0-301F-11D3-BF4B-00C04F79EFBC}") = "Strategy", "src\Strategy\Strategy.csproj", "{27B5D79E-D748-4861-B59E-2448EE9C3D01}"
EndProject
Global
	GlobalSection(SolutionConfigurationPlatforms) = preSolution
		Debug|Any CPU = Debug|Any CPU
		Release|Any CPU = Release|Any CPU
	EndGlobalSection
	GlobalSection(ProjectConfigurationPlatforms) = postSolution
		{27B5D79E-D748-4861-B59E-2448EE9C3D01}.Debug|Any CPU.ActiveCfg = Debug|Any CPU
		{27B5D79E-D748-4861-B59E-2448EE9C3D01}.Debug|Any CPU.Build.0 = Debug|Any CPU
		{27B5D79E-D748-4861-B59E-2448EE9C3D01}.Release|Any CPU.ActiveCfg = Release|Any CPU
		{27B5D79E-D748-4861-B59E-2448EE9C3D01}.Release|Any CPU.Build.0 = Release|Any CPU
	EndGlobalSection
	GlobalSection(SolutionProperties) = preSolution
		HideSolutionNode = FALSE
	EndGlobalSection
	GlobalSection(NestedProjects) = preSolution
		{27B5D79E-D748-4861-B59E-2448EE9C3D01} = {67C2916B-848B-41DD-AAD5-20BA9FE7CAFD}
	EndGlobalSection
	GlobalSection(ExtensibilityGlobals) = postSolution
		SolutionGuid = {5845113D-9482-4908-891A-BE4C5748C6AF}
	EndGlobalSection
EndGlobal
